<Solution>
  <Folder Name="/00- Docs/">
    <File Path="docker-compose.yml" />
    <File Path="README.md" />
  </Folder>
  <Folder Name="/01- Presentation/">
    <Project Path="src/backend/FundoTakeHome.Api/FundoTakeHome.Api.csproj" />
  </Folder>
  <Folder Name="/03- Mocks/">
    <Project Path="src/mock/FundoTakeHome.Mock.csproj" />
  </Folder>
  <Folder Name="/02- Tests/">
    <Project Path="tests/FundoTakeHome.Tests/FundoTakeHome.Tests.csproj" />
  </Folder>
</Solution>
